
Microsoft Visual Studio Solution File, Format Version 12.00
# Visual Studio Version 17
VisualStudioVersion = 17.5.33627.172
MinimumVisualStudioVersion = 10.0.40219.1
Project("{E24C65DC-7377-472B-9ABA-BC803B73C61A}") = "WCF-SOA-P3", "WCF-SOA-P3\", "{D2C8F157-4D96-4773-8BD7-7850770BBE18}"
	ProjectSection(WebsiteProperties) = preProject
		TargetFrameworkMoniker = ".NETFramework,Version%3Dv4.7.2"
		Debug.AspNetCompiler.VirtualPath = "/localhost_57746"
		Debug.AspNetCompiler.PhysicalPath = "WCF-SOA-P3\"
		Debug.AspNetCompiler.TargetPath = "PrecompiledWeb\localhost_57746\"
		Debug.AspNetCompiler.Updateable = "true"
		Debug.AspNetCompiler.ForceOverwrite = "true"
		Debug.AspNetCompiler.FixedNames = "false"
		Debug.AspNetCompiler.Debug = "True"
		Release.AspNetCompiler.VirtualPath = "/localhost_57746"
		Release.AspNetCompiler.PhysicalPath = "WCF-SOA-P3\"
		Release.AspNetCompiler.TargetPath = "PrecompiledWeb\localhost_57746\"
		Release.AspNetCompiler.Updateable = "true"
		Release.AspNetCompiler.ForceOverwrite = "true"
		Release.AspNetCompiler.FixedNames = "false"
		Release.AspNetCompiler.Debug = "False"
		VWDPort = "57746"
		SlnRelativePath = "WCF-SOA-P3\"
		DefaultWebSiteLanguage = "Visual C#"
	EndProjectSection
EndProject
Global
	GlobalSection(SolutionConfigurationPlatforms) = preSolution
		Debug|Any CPU = Debug|Any CPU
	EndGlobalSection
	GlobalSection(ProjectConfigurationPlatforms) = postSolution
		{D2C8F157-4D96-4773-8BD7-7850770BBE18}.Debug|Any CPU.ActiveCfg = Debug|Any CPU
		{D2C8F157-4D96-4773-8BD7-7850770BBE18}.Debug|Any CPU.Build.0 = Debug|Any CPU
	EndGlobalSection
	GlobalSection(SolutionProperties) = preSolution
		HideSolutionNode = FALSE
	EndGlobalSection
	GlobalSection(ExtensibilityGlobals) = postSolution
		SolutionGuid = {D1ED2EEE-8BFA-4D2D-A574-B55E2309114D}
	EndGlobalSection
EndGlobal
